
Microsoft Visual Studio Solution File, Format Version 12.00
# Visual Studio Version 17
VisualStudioVersion = 17.0.32112.339
MinimumVisualStudioVersion = 10.0.40219.1
Project("{FAE04EC0-301F-11D3-BF4B-00C04F79EFBC}") = "BitMapTest", "BitMapTest.csproj", "{56FB1E44-7AB0-4A38-A37D-704567E7AFFA}"
EndProject
Global
	GlobalSection(SolutionConfigurationPlatforms) = preSolution
		Debug|Any CPU = Debug|Any CPU
		Release|Any CPU = Release|Any CPU
	EndGlobalSection
	GlobalSection(ProjectConfigurationPlatforms) = postSolution
		{56FB1E44-7AB0-4A38-A37D-704567E7AFFA}.Debug|Any CPU.ActiveCfg = Debug|Any CPU
		{56FB1E44-7AB0-4A38-A37D-704567E7AFFA}.Debug|Any CPU.Build.0 = Debug|Any CPU
		{56FB1E44-7AB0-4A38-A37D-704567E7AFFA}.Release|Any CPU.ActiveCfg = Release|Any CPU
		{56FB1E44-7AB0-4A38-A37D-704567E7AFFA}.Release|Any CPU.Build.0 = Release|Any CPU
	EndGlobalSection
	GlobalSection(SolutionProperties) = preSolution
		HideSolutionNode = FALSE
	EndGlobalSection
	GlobalSection(ExtensibilityGlobals) = postSolution
		SolutionGuid = {7A9E0CE5-538E-4067-AD07-8D86CABAA905}
	EndGlobalSection
EndGlobal
